
Microsoft Visual Studio Solution File, Format Version 12.00
# Visual Studio Version 17
VisualStudioVersion = 17.7.34031.279
MinimumVisualStudioVersion = 10.0.40219.1
Project("{9A19103F-16F7-4668-BE54-9A1E7A4F7556}") = "UmbracoDemo.Web", "UmbracoDemo.Web.csproj", "{362E9254-649F-4791-8900-F1160495FEEA}"
EndProject
Project("{9A19103F-16F7-4668-BE54-9A1E7A4F7556}") = "UmbracoDemo.Core", "..\UmbracoDemo.Core\UmbracoDemo.Core.csproj", "{269F3A21-A443-4B04-8A5C-8F917B13612E}"
EndProject
Global
	GlobalSection(SolutionConfigurationPlatforms) = preSolution
		Debug|Any CPU = Debug|Any CPU
		Release|Any CPU = Release|Any CPU
	EndGlobalSection
	GlobalSection(ProjectConfigurationPlatforms) = postSolution
		{362E9254-649F-4791-8900-F1160495FEEA}.Debug|Any CPU.ActiveCfg = Debug|Any CPU
		{362E9254-649F-4791-8900-F1160495FEEA}.Debug|Any CPU.Build.0 = Debug|Any CPU
		{362E9254-649F-4791-8900-F1160495FEEA}.Release|Any CPU.ActiveCfg = Release|Any CPU
		{362E9254-649F-4791-8900-F1160495FEEA}.Release|Any CPU.Build.0 = Release|Any CPU
		{269F3A21-A443-4B04-8A5C-8F917B13612E}.Debug|Any CPU.ActiveCfg = Debug|Any CPU
		{269F3A21-A443-4B04-8A5C-8F917B13612E}.Debug|Any CPU.Build.0 = Debug|Any CPU
		{269F3A21-A443-4B04-8A5C-8F917B13612E}.Release|Any CPU.ActiveCfg = Release|Any CPU
		{269F3A21-A443-4B04-8A5C-8F917B13612E}.Release|Any CPU.Build.0 = Release|Any CPU
	EndGlobalSection
	GlobalSection(SolutionProperties) = preSolution
		HideSolutionNode = FALSE
	EndGlobalSection
	GlobalSection(ExtensibilityGlobals) = postSolution
		SolutionGuid = {CBCECB8B-2021-41A1-9DB6-6891966EA375}
	EndGlobalSection
EndGlobal
